// !$*UTF8*$!
{
	archiveVersion = 1;
	classes = {
	};
	objectVersion = 46;
	objects = {

/* Begin PBXBuildFile section */
		CE8D08AA1BAE3B18004ACAD3 /* main.m in Sources */ = {isa = PBXBuildFile; fileRef = CE8D08A91BAE3B18004ACAD3 /* main.m */; };
		CE8D08AD1BAE3B18004ACAD3 /* AppDelegate.m in Sources */ = {isa = PBXBuildFile; fileRef = CE8D08AC1BAE3B18004ACAD3 /* AppDelegate.m */; };
		CE8D08B01BAE3B18004ACAD3 /* FirstViewController.m in Sources */ = {isa = PBXBuildFile; fileRef = CE8D08AF1BAE3B18004ACAD3 /* FirstViewController.m */; };
		CE8D08B31BAE3B18004ACAD3 /* SecondViewController.m in Sources */ = {isa = PBXBuildFile; fileRef = CE8D08B21BAE3B18004ACAD3 /* SecondViewController.m */; };
		CE8D08B61BAE3B18004ACAD3 /* Main.storyboard in Resources */ = {isa = PBXBuildFile; fileRef = CE8D08B41BAE3B18004ACAD3 /* Main.storyboard */; };
		CE8D08B81BAE3B18004ACAD3 /* Images.xcassets in Resources */ = {isa = PBXBuildFile; fileRef = CE8D08B71BAE3B18004ACAD3 /* Images.xcassets */; };
		CE8D08BB1BAE3B18004ACAD3 /* LaunchScreen.xib in Resources */ = {isa = PBXBuildFile; fileRef = CE8D08B91BAE3B18004ACAD3 /* LaunchScreen.xib */; };
		CE8D08C71BAE3B18004ACAD3 /* TMReminderTests.m in Sources */ = {isa = PBXBuildFile; fileRef = CE8D08C61BAE3B18004ACAD3 /* TMReminderTests.m */; };
/* End PBXBuildFile section */

/* Begin PBXContainerItemProxy section */
		CE8D08C11BAE3B18004ACAD3 /* PBXContainerItemProxy */ = {
			isa = PBXContainerItemProxy;
			containerPortal = CE8D089C1BAE3B18004ACAD3 /* Project object */;
			proxyType = 1;
			remoteGlobalIDString = CE8D08A31BAE3B18004ACAD3;
			remoteInfo = TMReminder;
		};
/* End PBXContainerItemProxy section */

/* Begin PBXFileReference section */
		CE8D08A41BAE3B18004ACAD3 /* TMReminder.app */ = {isa = PBXFileReference; explicitFileType = wrapper.application; includeInIndex = 0; path = TMReminder.app; sourceTree = BUILT_PRODUCTS_DIR; };
		CE8D08A81BAE3B18004ACAD3 /* Info.plist */ = {isa = PBXFileReference; lastKnownFileType = text.plist.xml; path = Info.plist; sourceTree = "<group>"; };
		CE8D08A91BAE3B18004ACAD3 /* main.m */ = {isa = PBXFileReference; lastKnownFileType = sourcecode.c.objc; path = main.m; sourceTree = "<group>"; };
		CE8D08AB1BAE3B18004ACAD3 /* AppDelegate.h */ = {isa = PBXFileReference; lastKnownFileType = sourcecode.c.h; path = AppDelegate.h; sourceTree = "<group>"; };
		CE8D08AC1BAE3B18004ACAD3 /* AppDelegate.m */ = {isa = PBXFileReference; lastKnownFileType = sourcecode.c.objc; path = AppDelegate.m; sourceTree = "<group>"; };
		CE8D08AE1BAE3B18004ACAD3 /* FirstViewController.h */ = {isa = PBXFileReference; lastKnownFileType = sourcecode.c.h; path = FirstViewController.h; sourceTree = "<group>"; };
		CE8D08AF1BAE3B18004ACAD3 /* FirstViewController.m */ = {isa = PBXFileReference; lastKnownFileType = sourcecode.c.objc; path = FirstViewController.m; sourceTree = "<group>"; };
		CE8D08B11BAE3B18004ACAD3 /* SecondViewController.h */ = {isa = PBXFileReference; lastKnownFileType = sourcecode.c.h; path = SecondViewController.h; sourceTree = "<group>"; };
		CE8D08B21BAE3B18004ACAD3 /* SecondViewController.m */ = {isa = PBXFileReference; lastKnownFileType = sourcecode.c.objc; path = SecondViewController.m; sourceTree = "<group>"; };
		CE8D08B51BAE3B18004ACAD3 /* Base */ = {isa = PBXFileReference; lastKnownFileType = file.storyboard; name = Base; path = Base.lproj/Main.storyboard; sourceTree = "<group>"; };
		CE8D08B71BAE3B18004ACAD3 /* Images.xcassets */ = {isa = PBXFileReference; lastKnownFileType = folder.assetcatalog; path = Images.xcassets; sourceTree = "<group>"; };
		CE8D08BA1BAE3B18004ACAD3 /* Base */ = {isa = PBXFileReference; lastKnownFileType = file.xib; name = Base; path = Base.lproj/LaunchScreen.xib; sourceTree = "<group>"; };
		CE8D08C01BAE3B18004ACAD3 /* TMReminderTests.xctest */ = {isa = PBXFileReference; explicitFileType = wrapper.cfbundle; includeInIndex = 0; path = TMReminderTests.xctest; sourceTree = BUILT_PRODUCTS_DIR; };
		CE8D08C51BAE3B18004ACAD3 /* Info.plist */ = {isa = PBXFileReference; lastKnownFileType = text.plist.xml; path = Info.plist; sourceTree = "<group>"; };
		CE8D08C61BAE3B18004ACAD3 /* TMReminderTests.m */ = {isa = PBXFileReference; lastKnownFileType = sourcecode.c.objc; path = TMReminderTests.m; sourceTree = "<group>"; };
/* End PBXFileReference section */

/* Begin PBXFrameworksBuildPhase section */
		CE8D08A11BAE3B18004ACAD3 /* Frameworks */ = {
			isa = PBXFrameworksBuildPhase;
			buildActionMask = 2147483647;
			files = (
			);
			runOnlyForDeploymentPostprocessing = 0;
		};
		CE8D08BD1BAE3B18004ACAD3 /* Frameworks */ = {
			isa = PBXFrameworksBuildPhase;
			buildActionMask = 2147483647;
			files = (
			);
			runOnlyForDeploymentPostprocessing = 0;
		};
/* End PBXFrameworksBuildPhase section */

/* Begin PBXGroup section */
		CE8D089B1BAE3B18004ACAD3 = {
			isa = PBXGroup;
			children = (
				CE8D08A61BAE3B18004ACAD3 /* TMReminder */,
				CE8D08C31BAE3B18004ACAD3 /* TMReminderTests */,
				CE8D08A51BAE3B18004ACAD3 /* Products */,
			);
			sourceTree = "<group>";
		};
		CE8D08A51BAE3B18004ACAD3 /* Products */ = {
			isa = PBXGroup;
			children = (
				CE8D08A41BAE3B18004ACAD3 /* TMReminder.app */,
				CE8D08C01BAE3B18004ACAD3 /* TMReminderTests.xctest */,
			);
			name = Products;
			sourceTree = "<group>";
		};
		CE8D08A61BAE3B18004ACAD3 /* TMReminder */ = {
			isa = PBXGroup;
			children = (
				CE8D08AB1BAE3B18004ACAD3 /* AppDelegate.h */,
				CE8D08AC1BAE3B18004ACAD3 /* AppDelegate.m */,
				CE8D08AE1BAE3B18004ACAD3 /* FirstViewController.h */,
				CE8D08AF1BAE3B18004ACAD3 /* FirstViewController.m */,
				CE8D08B11BAE3B18004ACAD3 /* SecondViewController.h */,
				CE8D08B21BAE3B18004ACAD3 /* SecondViewController.m */,
				CE8D08B41BAE3B18004ACAD3 /* Main.storyboard */,
				CE8D08B71BAE3B18004ACAD3 /* Images.xcassets */,
				CE8D08B91BAE3B18004ACAD3 /* LaunchScreen.xib */,
				CE8D08A71BAE3B18004ACAD3 /* Supporting Files */,
			);
			path = TMReminder;
			sourceTree = "<group>";
		};
		CE8D08A71BAE3B18004ACAD3 /* Supporting Files */ = {
			isa = PBXGroup;
			children = (
				CE8D08A81BAE3B18004ACAD3 /* Info.plist */,
				CE8D08A91BAE3B18004ACAD3 /* main.m */,
			);
			name = "Supporting Files";
			sourceTree = "<group>";
		};
		CE8D08C31BAE3B18004ACAD3 /* TMReminderTests */ = {
			isa = PBXGroup;
			children = (
				CE8D08C61BAE3B18004ACAD3 /* TMReminderTests.m */,
				CE8D08C41BAE3B18004ACAD3 /* Supporting Files */,
			);
			path = TMReminderTests;
			sourceTree = "<group>";
		};
		CE8D08C41BAE3B18004ACAD3 /* Supporting Files */ = {
			isa = PBXGroup;
			children = (
				CE8D08C51BAE3B18004ACAD3 /* Info.plist */,
			);
			name = "Supporting Files";
			sourceTree = "<group>";
		};
/* End PBXGroup section */

/* Begin PBXNativeTarget section */
		CE8D08A31BAE3B18004ACAD3 /* TMReminder */ = {
			isa = PBXNativeTarget;
			buildConfigurationList = CE8D08CA1BAE3B18004ACAD3 /* Build configuration list for PBXNativeTarget "TMReminder" */;
			buildPhases = (
				CE8D08A01BAE3B18004ACAD3 /* Sources */,
				CE8D08A11BAE3B18004ACAD3 /* Frameworks */,
				CE8D08A21BAE3B18004ACAD3 /* Resources */,
			);
			buildRules = (
			);
			dependencies = (
			);
			name = TMReminder;
			productName = TMReminder;
			productReference = CE8D08A41BAE3B18004ACAD3 /* TMReminder.app */;
			productType = "com.apple.product-type.application";
		};
		CE8D08BF1BAE3B18004ACAD3 /* TMReminderTests */ = {
			isa = PBXNativeTarget;
			buildConfigurationList = CE8D08CD1BAE3B18004ACAD3 /* Build configuration list for PBXNativeTarget "TMReminderTests" */;
			buildPhases = (
				CE8D08BC1BAE3B18004ACAD3 /* Sources */,
				CE8D08BD1BAE3B18004ACAD3 /* Frameworks */,
				CE8D08BE1BAE3B18004ACAD3 /* Resources */,
			);
			buildRules = (
			);
			dependencies = (
				CE8D08C21BAE3B18004ACAD3 /* PBXTargetDependency */,
			);
			name = TMReminderTests;
			productName = TMReminderTests;
			productReference = CE8D08C01BAE3B18004ACAD3 /* TMReminderTests.xctest */;
			productType = "com.apple.product-type.bundle.unit-test";
		};
/* End PBXNativeTarget section */

/* Begin PBXProject section */
		CE8D089C1BAE3B18004ACAD3 /* Project object */ = {
			isa = PBXProject;
			attributes = {
				LastUpgradeCheck = 0630;
				ORGANIZATIONNAME = xhyorg;
				TargetAttributes = {
					CE8D08A31BAE3B18004ACAD3 = {
						CreatedOnToolsVersion = 6.3.2;
						DevelopmentTeam = 5622UXDKHK;
					};
					CE8D08BF1BAE3B18004ACAD3 = {
						CreatedOnToolsVersion = 6.3.2;
						TestTargetID = CE8D08A31BAE3B18004ACAD3;
					};
				};
			};
			buildConfigurationList = CE8D089F1BAE3B18004ACAD3 /* Build configuration list for PBXProject "TMReminder" */;
			compatibilityVersion = "Xcode 3.2";
			developmentRegion = English;
			hasScannedForEncodings = 0;
			knownRegions = (
				en,
				Base,
			);
			mainGroup = CE8D089B1BAE3B18004ACAD3;
			productRefGroup = CE8D08A51BAE3B18004ACAD3 /* Products */;
			projectDirPath = "";
			projectRoot = "";
			targets = (
				CE8D08A31BAE3B18004ACAD3 /* TMReminder */,
				CE8D08BF1BAE3B18004ACAD3 /* TMReminderTests */,
			);
		};
/* End PBXProject section */

/* Begin PBXResourcesBuildPhase section */
		CE8D08A21BAE3B18004ACAD3 /* Resources */ = {
			isa = PBXResourcesBuildPhase;
			buildActionMask = 2147483647;
			files = (
				CE8D08B61BAE3B18004ACAD3 /* Main.storyboard in Resources */,
				CE8D08BB1BAE3B18004ACAD3 /* LaunchScreen.xib in Resources */,
				CE8D08B81BAE3B18004ACAD3 /* Images.xcassets in Resources */,
			);
			runOnlyForDeploymentPostprocessing = 0;
		};
		CE8D08BE1BAE3B18004ACAD3 /* Resources */ = {
			isa = PBXResourcesBuildPhase;
			buildActionMask = 2147483647;
			files = (
			);
			runOnlyForDeploymentPostprocessing = 0;
		};
/* End PBXResourcesBuildPhase section */

/* Begin PBXSourcesBuildPhase section */
		CE8D08A01BAE3B18004ACAD3 /* Sources */ = {
			isa = PBXSourcesBuildPhase;
			buildActionMask = 2147483647;
			files = (
				CE8D08B31BAE3B18004ACAD3 /* SecondViewController.m in Sources */,
				CE8D08AD1BAE3B18004ACAD3 /* AppDelegate.m in Sources */,
				CE8D08B01BAE3B18004ACAD3 /* FirstViewController.m in Sources */,
				CE8D08AA1BAE3B18004ACAD3 /* main.m in Sources */,
			);
			runOnlyForDeploymentPostprocessing = 0;
		};
		CE8D08BC1BAE3B18004ACAD3 /* Sources */ = {
			isa = PBXSourcesBuildPhase;
			buildActionMask = 2147483647;
			files = (
				CE8D08C71BAE3B18004ACAD3 /* TMReminderTests.m in Sources */,
			);
			runOnlyForDeploymentPostprocessing = 0;
		};
/* End PBXSourcesBuildPhase section */

/* Begin PBXTargetDependency section */
		CE8D08C21BAE3B18004ACAD3 /* PBXTargetDependency */ = {
			isa = PBXTargetDependency;
			target = CE8D08A31BAE3B18004ACAD3 /* TMReminder */;
			targetProxy = CE8D08C11BAE3B18004ACAD3 /* PBXContainerItemProxy */;
		};
/* End PBXTargetDependency section */

/* Begin PBXVariantGroup section */
		CE8D08B41BAE3B18004ACAD3 /* Main.storyboard */ = {
			isa = PBXVariantGroup;
			children = (
				CE8D08B51BAE3B18004ACAD3 /* Base */,
			);
			name = Main.storyboard;
			sourceTree = "<group>";
		};
		CE8D08B91BAE3B18004ACAD3 /* LaunchScreen.xib */ = {
			isa = PBXVariantGroup;
			children = (
				CE8D08BA1BAE3B18004ACAD3 /* Base */,
			);
			name = LaunchScreen.xib;
			sourceTree = "<group>";
		};
/* End PBXVariantGroup section */

/* Begin XCBuildConfiguration section */
		CE8D08C81BAE3B18004ACAD3 /* Debug */ = {
			isa = XCBuildConfiguration;
			buildSettings = {
				ALWAYS_SEARCH_USER_PATHS = NO;
				CLANG_CXX_LANGUAGE_STANDARD = "gnu++0x";
				CLANG_CXX_LIBRARY = "libc++";
				CLANG_ENABLE_MODULES = YES;
				CLANG_ENABLE_OBJC_ARC = YES;
				CLANG_WARN_BOOL_CONVERSION = YES;
				CLANG_WARN_CONSTANT_CONVERSION = YES;
				CLANG_WARN_DIRECT_OBJC_ISA_USAGE = YES_ERROR;
				CLANG_WARN_EMPTY_BODY = YES;
				CLANG_WARN_ENUM_CONVERSION = YES;
				CLANG_WARN_INT_CONVERSION = YES;
				CLANG_WARN_OBJC_ROOT_CLASS = YES_ERROR;
				CLANG_WARN_UNREACHABLE_CODE = YES;
				CLANG_WARN__DUPLICATE_METHOD_MATCH = YES;
				"CODE_SIGN_IDENTITY[sdk=iphoneos*]" = "iPhone Developer";
				COPY_PHASE_STRIP = NO;
				DEBUG_INFORMATION_FORMAT = "dwarf-with-dsym";
				ENABLE_STRICT_OBJC_MSGSEND = YES;
				GCC_C_LANGUAGE_STANDARD = gnu99;
				GCC_DYNAMIC_NO_PIC = NO;
				GCC_NO_COMMON_BLOCKS = YES;
				GCC_OPTIMIZATION_LEVEL = 0;
				GCC_PREPROCESSOR_DEFINITIONS = (
					"DEBUG=1",
					"$(inherited)",
				);
				GCC_SYMBOLS_PRIVATE_EXTERN = NO;
				GCC_WARN_64_TO_32_BIT_CONVERSION = YES;
				GCC_WARN_ABOUT_RETURN_TYPE = YES_ERROR;
				GCC_WARN_UNDECLARED_SELECTOR = YES;
				GCC_WARN_UNINITIALIZED_AUTOS = YES_AGGRESSIVE;
				GCC_WARN_UNUSED_FUNCTION = YES;
				GCC_WARN_UNUSED_VARIABLE = YES;
				IPHONEOS_DEPLOYMENT_TARGET = 8.3;
				MTL_ENABLE_DEBUG_INFO = YES;
				ONLY_ACTIVE_ARCH = YES;
				SDKROOT = iphoneos;
			};
			name = Debug;
		};
		CE8D08C91BAE3B18004ACAD3 /* Release */ = {
			isa = XCBuildConfiguration;
			buildSettings = {
				ALWAYS_SEARCH_USER_PATHS = NO;
				CLANG_CXX_LANGUAGE_STANDARD = "gnu++0x";
				CLANG_CXX_LIBRARY = "libc++";
				CLANG_ENABLE_MODULES = YES;
				CLANG_ENABLE_OBJC_ARC = YES;
				CLANG_WARN_BOOL_CONVERSION = YES;
				CLANG_WARN_CONSTANT_CONVERSION = YES;
				CLANG_WARN_DIRECT_OBJC_ISA_USAGE = YES_ERROR;
				CLANG_WARN_EMPTY_BODY = YES;
				CLANG_WARN_ENUM_CONVERSION = YES;
				CLANG_WARN_INT_CONVERSION = YES;
				CLANG_WARN_OBJC_ROOT_CLASS = YES_ERROR;
				CLANG_WARN_UNREACHABLE_CODE = YES;
				CLANG_WARN__DUPLICATE_METHOD_MATCH = YES;
				"CODE_SIGN_IDENTITY[sdk=iphoneos*]" = "iPhone Developer";
				COPY_PHASE_STRIP = NO;
				DEBUG_INFORMATION_FORMAT = "dwarf-with-dsym";
				ENABLE_NS_ASSERTIONS = NO;
				ENABLE_STRICT_OBJC_MSGSEND = YES;
				GCC_C_LANGUAGE_STANDARD = gnu99;
				GCC_NO_COMMON_BLOCKS = YES;
				GCC_WARN_64_TO_32_BIT_CONVERSION = YES;
				GCC_WARN_ABOUT_RETURN_TYPE = YES_ERROR;
				GCC_WARN_UNDECLARED_SELECTOR = YES;
				GCC_WARN_UNINITIALIZED_AUTOS = YES_AGGRESSIVE;
				GCC_WARN_UNUSED_FUNCTION = YES;
				GCC_WARN_UNUSED_VARIABLE = YES;
				IPHONEOS_DEPLOYMENT_TARGET = 8.3;
				MTL_ENABLE_DEBUG_INFO = NO;
				SDKROOT = iphoneos;
				VALIDATE_PRODUCT = YES;
			};
			name = Release;
		};
		CE8D08CB1BAE3B18004ACAD3 /* Debug */ = {
			isa = XCBuildConfiguration;
			buildSettings = {
				ASSETCATALOG_COMPILER_APPICON_NAME = AppIcon;
				ASSETCATALOG_COMPILER_LAUNCHIMAGE_NAME = LaunchImage;
				CODE_SIGN_IDENTITY = "iPhone Developer";
				"CODE_SIGN_IDENTITY[sdk=iphoneos*]" = "iPhone Developer";
				INFOPLIST_FILE = TMReminder/Info.plist;
				IPHONEOS_DEPLOYMENT_TARGET = 7.0;
				LD_RUNPATH_SEARCH_PATHS = "$(inherited) @executable_path/Frameworks";
				PRODUCT_NAME = "$(TARGET_NAME)";
				PROVISIONING_PROFILE = "";
			};
			name = Debug;
		};
		CE8D08CC1BAE3B18004ACAD3 /* Release */ = {
			isa = XCBuildConfiguration;
			buildSettings = {
				ASSETCATALOG_COMPILER_APPICON_NAME = AppIcon;
				ASSETCATALOG_COMPILER_LAUNCHIMAGE_NAME = LaunchImage;
				CODE_SIGN_IDENTITY = "iPhone Developer";
				"CODE_SIGN_IDENTITY[sdk=iphoneos*]" = "iPhone Developer";
				INFOPLIST_FILE = TMReminder/Info.plist;
				IPHONEOS_DEPLOYMENT_TARGET = 7.0;
				LD_RUNPATH_SEARCH_PATHS = "$(inherited) @executable_path/Frameworks";
				PRODUCT_NAME = "$(TARGET_NAME)";
				PROVISIONING_PROFILE = "";
			};
			name = Release;
		};
		CE8D08CE1BAE3B18004ACAD3 /* Debug */ = {
			isa = XCBuildConfiguration;
			buildSettings = {
				BUNDLE_LOADER = "$(TEST_HOST)";
				FRAMEWORK_SEARCH_PATHS = (
					"$(SDKROOT)/Developer/Library/Frameworks",
					"$(inherited)",
				);
				GCC_PREPROCESSOR_DEFINITIONS = (
					"DEBUG=1",
					"$(inherited)",
				);
				INFOPLIST_FILE = TMReminderTests/Info.plist;
				LD_RUNPATH_SEARCH_PATHS = "$(inherited) @executable_path/Frameworks @loader_path/Frameworks";
				PRODUCT_NAME = "$(TARGET_NAME)";
				TEST_HOST = "$(BUILT_PRODUCTS_DIR)/TMReminder.app/TMReminder";
			};
			name = Debug;
		};
		CE8D08CF1BAE3B18004ACAD3 /* Release */ = {
			isa = XCBuildConfiguration;
			buildSettings = {
				BUNDLE_LOADER = "$(TEST_HOST)";
				FRAMEWORK_SEARCH_PATHS = (
					"$(SDKROOT)/Developer/Library/Frameworks",
					"$(inherited)",
				);
				INFOPLIST_FILE = TMReminderTests/Info.plist;
				LD_RUNPATH_SEARCH_PATHS = "$(inherited) @executable_path/Frameworks @loader_path/Frameworks";
				PRODUCT_NAME = "$(TARGET_NAME)";
				TEST_HOST = "$(BUILT_PRODUCTS_DIR)/TMReminder.app/TMReminder";
			};
			name = Release;
		};
/* End XCBuildConfiguration section */

/* Begin XCConfigurationList section */
		CE8D089F1BAE3B18004ACAD3 /* Build configuration list for PBXProject "TMReminder" */ = {
			isa = XCConfigurationList;
			buildConfigurations = (
				CE8D08C81BAE3B18004ACAD3 /* Debug */,
				CE8D08C91BAE3B18004ACAD3 /* Release */,
			);
			defaultConfigurationIsVisible = 0;
			defaultConfigurationName = Release;
		};
		CE8D08CA1BAE3B18004ACAD3 /* Build configuration list for PBXNativeTarget "TMReminder" */ = {
			isa = XCConfigurationList;
			buildConfigurations = (
				CE8D08CB1BAE3B18004ACAD3 /* Debug */,
				CE8D08CC1BAE3B18004ACAD3 /* Release */,
			);
			defaultConfigurationIsVisible = 0;
		};
		CE8D08CD1BAE3B18004ACAD3 /* Build configuration list for PBXNativeTarget "TMReminderTests" */ = {
			isa = XCConfigurationList;
			buildConfigurations = (
				CE8D08CE1BAE3B18004ACAD3 /* Debug */,
				CE8D08CF1BAE3B18004ACAD3 /* Release */,
			);
			defaultConfigurationIsVisible = 0;
		};
/* End XCConfigurationList section */
	};
	rootObject = CE8D089C1BAE3B18004ACAD3 /* Project object */;
}
